// !$*UTF8*$!
{
	archiveVersion = 1;
	classes = {
	};
	objectVersion = 50;
	objects = {

/* Begin PBXBuildFile section */
		849899CA20997F77008BDC40 /* AppDelegate.swift in Sources */ = {isa = PBXBuildFile; fileRef = 849899C920997F77008BDC40 /* AppDelegate.swift */; };
		849899CC20997F77008BDC40 /* ViewController.swift in Sources */ = {isa = PBXBuildFile; fileRef = 849899CB20997F77008BDC40 /* ViewController.swift */; };
		849899CF20997F77008BDC40 /* Main.storyboard in Resources */ = {isa = PBXBuildFile; fileRef = 849899CD20997F77008BDC40 /* Main.storyboard */; };
		849899D220997F77008BDC40 /* crudCoreData.xcdatamodeld in Sources */ = {isa = PBXBuildFile; fileRef = 849899D020997F77008BDC40 /* crudCoreData.xcdatamodeld */; };
		849899D420997F79008BDC40 /* Assets.xcassets in Resources */ = {isa = PBXBuildFile; fileRef = 849899D320997F79008BDC40 /* Assets.xcassets */; };
		849899D720997F79008BDC40 /* LaunchScreen.storyboard in Resources */ = {isa = PBXBuildFile; fileRef = 849899D520997F79008BDC40 /* LaunchScreen.storyboard */; };
		84EAB065209B95CA0058B2F8 /* ShowDataController.swift in Sources */ = {isa = PBXBuildFile; fileRef = 84EAB064209B95CA0058B2F8 /* ShowDataController.swift */; };
		84FA4944209BCE900057F09B /* EditController.swift in Sources */ = {isa = PBXBuildFile; fileRef = 84FA4943209BCE900057F09B /* EditController.swift */; };
/* End PBXBuildFile section */

/* Begin PBXFileReference section */
		849899C620997F77008BDC40 /* crudCoreData.app */ = {isa = PBXFileReference; explicitFileType = wrapper.application; includeInIndex = 0; path = crudCoreData.app; sourceTree = BUILT_PRODUCTS_DIR; };
		849899C920997F77008BDC40 /* AppDelegate.swift */ = {isa = PBXFileReference; lastKnownFileType = sourcecode.swift; path = AppDelegate.swift; sourceTree = "<group>"; };
		849899CB20997F77008BDC40 /* ViewController.swift */ = {isa = PBXFileReference; lastKnownFileType = sourcecode.swift; path = ViewController.swift; sourceTree = "<group>"; };
		849899CE20997F77008BDC40 /* Base */ = {isa = PBXFileReference; lastKnownFileType = file.storyboard; name = Base; path = Base.lproj/Main.storyboard; sourceTree = "<group>"; };
		849899D120997F77008BDC40 /* crudCoreData.xcdatamodel */ = {isa = PBXFileReference; lastKnownFileType = wrapper.xcdatamodel; path = crudCoreData.xcdatamodel; sourceTree = "<group>"; };
		849899D320997F79008BDC40 /* Assets.xcassets */ = {isa = PBXFileReference; lastKnownFileType = folder.assetcatalog; path = Assets.xcassets; sourceTree = "<group>"; };
		849899D620997F79008BDC40 /* Base */ = {isa = PBXFileReference; lastKnownFileType = file.storyboard; name = Base; path = Base.lproj/LaunchScreen.storyboard; sourceTree = "<group>"; };
		849899D820997F79008BDC40 /* Info.plist */ = {isa = PBXFileReference; lastKnownFileType = text.plist.xml; path = Info.plist; sourceTree = "<group>"; };
		84EAB064209B95CA0058B2F8 /* ShowDataController.swift */ = {isa = PBXFileReference; lastKnownFileType = sourcecode.swift; path = ShowDataController.swift; sourceTree = "<group>"; };
		84FA4943209BCE900057F09B /* EditController.swift */ = {isa = PBXFileReference; lastKnownFileType = sourcecode.swift; path = EditController.swift; sourceTree = "<group>"; };
/* End PBXFileReference section */

/* Begin PBXFrameworksBuildPhase section */
		849899C320997F77008BDC40 /* Frameworks */ = {
			isa = PBXFrameworksBuildPhase;
			buildActionMask = 2147483647;
			files = (
			);
			runOnlyForDeploymentPostprocessing = 0;
		};
/* End PBXFrameworksBuildPhase section */

/* Begin PBXGroup section */
		849899BD20997F77008BDC40 = {
			isa = PBXGroup;
			children = (
				849899C820997F77008BDC40 /* crudCoreData */,
				849899C720997F77008BDC40 /* Products */,
			);
			sourceTree = "<group>";
		};
		849899C720997F77008BDC40 /* Products */ = {
			isa = PBXGroup;
			children = (
				849899C620997F77008BDC40 /* crudCoreData.app */,
			);
			name = Products;
			sourceTree = "<group>";
		};
		849899C820997F77008BDC40 /* crudCoreData */ = {
			isa = PBXGroup;
			children = (
				849899C920997F77008BDC40 /* AppDelegate.swift */,
				849899CB20997F77008BDC40 /* ViewController.swift */,
				84EAB064209B95CA0058B2F8 /* ShowDataController.swift */,
				84FA4943209BCE900057F09B /* EditController.swift */,
				849899CD20997F77008BDC40 /* Main.storyboard */,
				849899D320997F79008BDC40 /* Assets.xcassets */,
				849899D520997F79008BDC40 /* LaunchScreen.storyboard */,
				849899D820997F79008BDC40 /* Info.plist */,
				849899D020997F77008BDC40 /* crudCoreData.xcdatamodeld */,
			);
			path = crudCoreData;
			sourceTree = "<group>";
		};
/* End PBXGroup section */

/* Begin PBXNativeTarget section */
		849899C520997F77008BDC40 /* crudCoreData */ = {
			isa = PBXNativeTarget;
			buildConfigurationList = 849899DB20997F79008BDC40 /* Build configuration list for PBXNativeTarget "crudCoreData" */;
			buildPhases = (
				849899C220997F77008BDC40 /* Sources */,
				849899C320997F77008BDC40 /* Frameworks */,
				849899C420997F77008BDC40 /* Resources */,
			);
			buildRules = (
			);
			dependencies = (
			);
			name = crudCoreData;
			productName = crudCoreData;
			productReference = 849899C620997F77008BDC40 /* crudCoreData.app */;
			productType = "com.apple.product-type.application";
		};
/* End PBXNativeTarget section */

/* Begin PBXProject section */
		849899BE20997F77008BDC40 /* Project object */ = {
			isa = PBXProject;
			attributes = {
				LastSwiftUpdateCheck = 0930;
				LastUpgradeCheck = 0930;
				ORGANIZATIONNAME = iwebsapp;
				TargetAttributes = {
					849899C520997F77008BDC40 = {
						CreatedOnToolsVersion = 9.3;
					};
				};
			};
			buildConfigurationList = 849899C120997F77008BDC40 /* Build configuration list for PBXProject "crudCoreData" */;
			compatibilityVersion = "Xcode 9.3";
			developmentRegion = en;
			hasScannedForEncodings = 0;
			knownRegions = (
				en,
				Base,
			);
			mainGroup = 849899BD20997F77008BDC40;
			productRefGroup = 849899C720997F77008BDC40 /* Products */;
			projectDirPath = "";
			projectRoot = "";
			targets = (
				849899C520997F77008BDC40 /* crudCoreData */,
			);
		};
/* End PBXProject section */

/* Begin PBXResourcesBuildPhase section */
		849899C420997F77008BDC40 /* Resources */ = {
			isa = PBXResourcesBuildPhase;
			buildActionMask = 2147483647;
			files = (
				849899D720997F79008BDC40 /* LaunchScreen.storyboard in Resources */,
				849899D420997F79008BDC40 /* Assets.xcassets in Resources */,
				849899CF20997F77008BDC40 /* Main.storyboard in Resources */,
			);
			runOnlyForDeploymentPostprocessing = 0;
		};
/* End PBXResourcesBuildPhase section */

/* Begin PBXSourcesBuildPhase section */
		849899C220997F77008BDC40 /* Sources */ = {
			isa = PBXSourcesBuildPhase;
			buildActionMask = 2147483647;
			files = (
				84FA4944209BCE900057F09B /* EditController.swift in Sources */,
				849899CC20997F77008BDC40 /* ViewController.swift in Sources */,
				849899D220997F77008BDC40 /* crudCoreData.xcdatamodeld in Sources */,
				84EAB065209B95CA0058B2F8 /* ShowDataController.swift in Sources */,
				849899CA20997F77008BDC40 /* AppDelegate.swift in Sources */,
			);
			runOnlyForDeploymentPostprocessing = 0;
		};
/* End PBXSourcesBuildPhase section */

/* Begin PBXVariantGroup section */
		849899CD20997F77008BDC40 /* Main.storyboard */ = {
			isa = PBXVariantGroup;
			children = (
				849899CE20997F77008BDC40 /* Base */,
			);
			name = Main.storyboard;
			sourceTree = "<group>";
		};
		849899D520997F79008BDC40 /* LaunchScreen.storyboard */ = {
			isa = PBXVariantGroup;
			children = (
				849899D620997F79008BDC40 /* Base */,
			);
			name = LaunchScreen.storyboard;
			sourceTree = "<group>";
		};
/* End PBXVariantGroup section */

/* Begin XCBuildConfiguration section */
		849899D920997F79008BDC40 /* Debug */ = {
			isa = XCBuildConfiguration;
			buildSettings = {
				ALWAYS_SEARCH_USER_PATHS = NO;
				CLANG_ANALYZER_NONNULL = YES;
				CLANG_ANALYZER_NUMBER_OBJECT_CONVERSION = YES_AGGRESSIVE;
				CLANG_CXX_LANGUAGE_STANDARD = "gnu++14";
				CLANG_CXX_LIBRARY = "libc++";
				CLANG_ENABLE_MODULES = YES;
				CLANG_ENABLE_OBJC_ARC = YES;
				CLANG_ENABLE_OBJC_WEAK = YES;
				CLANG_WARN_BLOCK_CAPTURE_AUTORELEASING = YES;
				CLANG_WARN_BOOL_CONVERSION = YES;
				CLANG_WARN_COMMA = YES;
				CLANG_WARN_CONSTANT_CONVERSION = YES;
				CLANG_WARN_DEPRECATED_OBJC_IMPLEMENTATIONS = YES;
				CLANG_WARN_DIRECT_OBJC_ISA_USAGE = YES_ERROR;
				CLANG_WARN_DOCUMENTATION_COMMENTS = YES;
				CLANG_WARN_EMPTY_BODY = YES;
				CLANG_WARN_ENUM_CONVERSION = YES;
				CLANG_WARN_INFINITE_RECURSION = YES;
				CLANG_WARN_INT_CONVERSION = YES;
				CLANG_WARN_NON_LITERAL_NULL_CONVERSION = YES;
				CLANG_WARN_OBJC_IMPLICIT_RETAIN_SELF = YES;
				CLANG_WARN_OBJC_LITERAL_CONVERSION = YES;
				CLANG_WARN_OBJC_ROOT_CLASS = YES_ERROR;
				CLANG_WARN_RANGE_LOOP_ANALYSIS = YES;
				CLANG_WARN_STRICT_PROTOTYPES = YES;
				CLANG_WARN_SUSPICIOUS_MOVE = YES;
				CLANG_WARN_UNGUARDED_AVAILABILITY = YES_AGGRESSIVE;
				CLANG_WARN_UNREACHABLE_CODE = YES;
				CLANG_WARN__DUPLICATE_METHOD_MATCH = YES;
				CODE_SIGN_IDENTITY = "iPhone Developer";
				COPY_PHASE_STRIP = NO;
				DEBUG_INFORMATION_FORMAT = dwarf;
				ENABLE_STRICT_OBJC_MSGSEND = YES;
				ENABLE_TESTABILITY = YES;
				GCC_C_LANGUAGE_STANDARD = gnu11;
				GCC_DYNAMIC_NO_PIC = NO;
				GCC_NO_COMMON_BLOCKS = YES;
				GCC_OPTIMIZATION_LEVEL = 0;
				GCC_PREPROCESSOR_DEFINITIONS = (
					"DEBUG=1",
					"$(inherited)",
				);
				GCC_WARN_64_TO_32_BIT_CONVERSION = YES;
				GCC_WARN_ABOUT_RETURN_TYPE = YES_ERROR;
				GCC_WARN_UNDECLARED_SELECTOR = YES;
				GCC_WARN_UNINITIALIZED_AUTOS = YES_AGGRESSIVE;
				GCC_WARN_UNUSED_FUNCTION = YES;
				GCC_WARN_UNUSED_VARIABLE = YES;
				IPHONEOS_DEPLOYMENT_TARGET = 11.3;
				MTL_ENABLE_DEBUG_INFO = YES;
				ONLY_ACTIVE_ARCH = YES;
				SDKROOT = iphoneos;
				SWIFT_ACTIVE_COMPILATION_CONDITIONS = DEBUG;
				SWIFT_OPTIMIZATION_LEVEL = "-Onone";
			};
			name = Debug;
		};
		849899DA20997F79008BDC40 /* Release */ = {
			isa = XCBuildConfiguration;
			buildSettings = {
				ALWAYS_SEARCH_USER_PATHS = NO;
				CLANG_ANALYZER_NONNULL = YES;
				CLANG_ANALYZER_NUMBER_OBJECT_CONVERSION = YES_AGGRESSIVE;
				CLANG_CXX_LANGUAGE_STANDARD = "gnu++14";
				CLANG_CXX_LIBRARY = "libc++";
				CLANG_ENABLE_MODULES = YES;
				CLANG_ENABLE_OBJC_ARC = YES;
				CLANG_ENABLE_OBJC_WEAK = YES;
				CLANG_WARN_BLOCK_CAPTURE_AUTORELEASING = YES;
				CLANG_WARN_BOOL_CONVERSION = YES;
				CLANG_WARN_COMMA = YES;
				CLANG_WARN_CONSTANT_CONVERSION = YES;
				CLANG_WARN_DEPRECATED_OBJC_IMPLEMENTATIONS = YES;
				CLANG_WARN_DIRECT_OBJC_ISA_USAGE = YES_ERROR;
				CLANG_WARN_DOCUMENTATION_COMMENTS = YES;
				CLANG_WARN_EMPTY_BODY = YES;
				CLANG_WARN_ENUM_CONVERSION = YES;
				CLANG_WARN_INFINITE_RECURSION = YES;
				CLANG_WARN_INT_CONVERSION = YES;
				CLANG_WARN_NON_LITERAL_NULL_CONVERSION = YES;
				CLANG_WARN_OBJC_IMPLICIT_RETAIN_SELF = YES;
				CLANG_WARN_OBJC_LITERAL_CONVERSION = YES;
				CLANG_WARN_OBJC_ROOT_CLASS = YES_ERROR;
				CLANG_WARN_RANGE_LOOP_ANALYSIS = YES;
				CLANG_WARN_STRICT_PROTOTYPES = YES;
				CLANG_WARN_SUSPICIOUS_MOVE = YES;
				CLANG_WARN_UNGUARDED_AVAILABILITY = YES_AGGRESSIVE;
				CLANG_WARN_UNREACHABLE_CODE = YES;
				CLANG_WARN__DUPLICATE_METHOD_MATCH = YES;
				CODE_SIGN_IDENTITY = "iPhone Developer";
				COPY_PHASE_STRIP = NO;
				DEBUG_INFORMATION_FORMAT = "dwarf-with-dsym";
				ENABLE_NS_ASSERTIONS = NO;
				ENABLE_STRICT_OBJC_MSGSEND = YES;
				GCC_C_LANGUAGE_STANDARD = gnu11;
				GCC_NO_COMMON_BLOCKS = YES;
				GCC_WARN_64_TO_32_BIT_CONVERSION = YES;
				GCC_WARN_ABOUT_RETURN_TYPE = YES_ERROR;
				GCC_WARN_UNDECLARED_SELECTOR = YES;
				GCC_WARN_UNINITIALIZED_AUTOS = YES_AGGRESSIVE;
				GCC_WARN_UNUSED_FUNCTION = YES;
				GCC_WARN_UNUSED_VARIABLE = YES;
				IPHONEOS_DEPLOYMENT_TARGET = 11.3;
				MTL_ENABLE_DEBUG_INFO = NO;
				SDKROOT = iphoneos;
				SWIFT_COMPILATION_MODE = wholemodule;
				SWIFT_OPTIMIZATION_LEVEL = "-O";
				VALIDATE_PRODUCT = YES;
			};
			name = Release;
		};
		849899DC20997F79008BDC40 /* Debug */ = {
			isa = XCBuildConfiguration;
			buildSettings = {
				ASSETCATALOG_COMPILER_APPICON_NAME = AppIcon;
				CODE_SIGN_STYLE = Automatic;
				DEVELOPMENT_TEAM = Y99AD5GLT5;
				INFOPLIST_FILE = crudCoreData/Info.plist;
				LD_RUNPATH_SEARCH_PATHS = (
					"$(inherited)",
					"@executable_path/Frameworks",
				);
				PRODUCT_BUNDLE_IDENTIFIER = com.iwebsapp.crudCoreData;
				PRODUCT_NAME = "$(TARGET_NAME)";
				SWIFT_VERSION = 4.0;
				TARGETED_DEVICE_FAMILY = "1,2";
			};
			name = Debug;
		};
		849899DD20997F79008BDC40 /* Release */ = {
			isa = XCBuildConfiguration;
			buildSettings = {
				ASSETCATALOG_COMPILER_APPICON_NAME = AppIcon;
				CODE_SIGN_STYLE = Automatic;
				DEVELOPMENT_TEAM = Y99AD5GLT5;
				INFOPLIST_FILE = crudCoreData/Info.plist;
				LD_RUNPATH_SEARCH_PATHS = (
					"$(inherited)",
					"@executable_path/Frameworks",
				);
				PRODUCT_BUNDLE_IDENTIFIER = com.iwebsapp.crudCoreData;
				PRODUCT_NAME = "$(TARGET_NAME)";
				SWIFT_VERSION = 4.0;
				TARGETED_DEVICE_FAMILY = "1,2";
			};
			name = Release;
		};
/* End XCBuildConfiguration section */

/* Begin XCConfigurationList section */
		849899C120997F77008BDC40 /* Build configuration list for PBXProject "crudCoreData" */ = {
			isa = XCConfigurationList;
			buildConfigurations = (
				849899D920997F79008BDC40 /* Debug */,
				849899DA20997F79008BDC40 /* Release */,
			);
			defaultConfigurationIsVisible = 0;
			defaultConfigurationName = Release;
		};
		849899DB20997F79008BDC40 /* Build configuration list for PBXNativeTarget "crudCoreData" */ = {
			isa = XCConfigurationList;
			buildConfigurations = (
				849899DC20997F79008BDC40 /* Debug */,
				849899DD20997F79008BDC40 /* Release */,
			);
			defaultConfigurationIsVisible = 0;
			defaultConfigurationName = Release;
		};
/* End XCConfigurationList section */

/* Begin XCVersionGroup section */
		849899D020997F77008BDC40 /* crudCoreData.xcdatamodeld */ = {
			isa = XCVersionGroup;
			children = (
				849899D120997F77008BDC40 /* crudCoreData.xcdatamodel */,
			);
			currentVersion = 849899D120997F77008BDC40 /* crudCoreData.xcdatamodel */;
			path = crudCoreData.xcdatamodeld;
			sourceTree = "<group>";
			versionGroupType = wrapper.xcdatamodel;
		};
/* End XCVersionGroup section */
	};
	rootObject = 849899BE20997F77008BDC40 /* Project object */;
}
