// !$*UTF8*$!
{
	archiveVersion = 1;
	classes = {
	};
	objectVersion = 48;
	objects = {

/* Begin PBXBuildFile section */
		CF6D39051F536F5E007E3AE6 /* MapaViewController.swift in Sources */ = {isa = PBXBuildFile; fileRef = CF6D39041F536F5E007E3AE6 /* MapaViewController.swift */; };
		CFF1FC951F5341F000008E2A /* AppDelegate.swift in Sources */ = {isa = PBXBuildFile; fileRef = CFF1FC941F5341F000008E2A /* AppDelegate.swift */; };
		CFF1FC971F5341F000008E2A /* ViewController.swift in Sources */ = {isa = PBXBuildFile; fileRef = CFF1FC961F5341F000008E2A /* ViewController.swift */; };
		CFF1FC9A1F5341F000008E2A /* Main.storyboard in Resources */ = {isa = PBXBuildFile; fileRef = CFF1FC981F5341F000008E2A /* Main.storyboard */; };
		CFF1FC9C1F5341F000008E2A /* Assets.xcassets in Resources */ = {isa = PBXBuildFile; fileRef = CFF1FC9B1F5341F000008E2A /* Assets.xcassets */; };
		CFF1FC9F1F5341F000008E2A /* LaunchScreen.storyboard in Resources */ = {isa = PBXBuildFile; fileRef = CFF1FC9D1F5341F000008E2A /* LaunchScreen.storyboard */; };
		CFF1FCAB1F53542700008E2A /* CoordenadasViewController.swift in Sources */ = {isa = PBXBuildFile; fileRef = CFF1FCAA1F53542700008E2A /* CoordenadasViewController.swift */; };
/* End PBXBuildFile section */

/* Begin PBXFileReference section */
		CF6D39041F536F5E007E3AE6 /* MapaViewController.swift */ = {isa = PBXFileReference; lastKnownFileType = sourcecode.swift; path = MapaViewController.swift; sourceTree = "<group>"; };
		CFF1FC911F5341F000008E2A /* Mapas.app */ = {isa = PBXFileReference; explicitFileType = wrapper.application; includeInIndex = 0; path = Mapas.app; sourceTree = BUILT_PRODUCTS_DIR; };
		CFF1FC941F5341F000008E2A /* AppDelegate.swift */ = {isa = PBXFileReference; lastKnownFileType = sourcecode.swift; path = AppDelegate.swift; sourceTree = "<group>"; };
		CFF1FC961F5341F000008E2A /* ViewController.swift */ = {isa = PBXFileReference; lastKnownFileType = sourcecode.swift; path = ViewController.swift; sourceTree = "<group>"; };
		CFF1FC991F5341F000008E2A /* Base */ = {isa = PBXFileReference; lastKnownFileType = file.storyboard; name = Base; path = Base.lproj/Main.storyboard; sourceTree = "<group>"; };
		CFF1FC9B1F5341F000008E2A /* Assets.xcassets */ = {isa = PBXFileReference; lastKnownFileType = folder.assetcatalog; path = Assets.xcassets; sourceTree = "<group>"; };
		CFF1FC9E1F5341F000008E2A /* Base */ = {isa = PBXFileReference; lastKnownFileType = file.storyboard; name = Base; path = Base.lproj/LaunchScreen.storyboard; sourceTree = "<group>"; };
		CFF1FCA01F5341F000008E2A /* Info.plist */ = {isa = PBXFileReference; lastKnownFileType = text.plist.xml; path = Info.plist; sourceTree = "<group>"; };
		CFF1FCAA1F53542700008E2A /* CoordenadasViewController.swift */ = {isa = PBXFileReference; lastKnownFileType = sourcecode.swift; path = CoordenadasViewController.swift; sourceTree = "<group>"; };
/* End PBXFileReference section */

/* Begin PBXFrameworksBuildPhase section */
		CFF1FC8E1F5341F000008E2A /* Frameworks */ = {
			isa = PBXFrameworksBuildPhase;
			buildActionMask = 2147483647;
			files = (
			);
			runOnlyForDeploymentPostprocessing = 0;
		};
/* End PBXFrameworksBuildPhase section */

/* Begin PBXGroup section */
		CFF1FC881F5341F000008E2A = {
			isa = PBXGroup;
			children = (
				CFF1FC931F5341F000008E2A /* Mapas */,
				CFF1FC921F5341F000008E2A /* Products */,
			);
			sourceTree = "<group>";
		};
		CFF1FC921F5341F000008E2A /* Products */ = {
			isa = PBXGroup;
			children = (
				CFF1FC911F5341F000008E2A /* Mapas.app */,
			);
			name = Products;
			sourceTree = "<group>";
		};
		CFF1FC931F5341F000008E2A /* Mapas */ = {
			isa = PBXGroup;
			children = (
				CFF1FC941F5341F000008E2A /* AppDelegate.swift */,
				CFF1FC961F5341F000008E2A /* ViewController.swift */,
				CFF1FC981F5341F000008E2A /* Main.storyboard */,
				CFF1FC9B1F5341F000008E2A /* Assets.xcassets */,
				CFF1FC9D1F5341F000008E2A /* LaunchScreen.storyboard */,
				CFF1FCA01F5341F000008E2A /* Info.plist */,
				CFF1FCAA1F53542700008E2A /* CoordenadasViewController.swift */,
				CF6D39041F536F5E007E3AE6 /* MapaViewController.swift */,
			);
			path = Mapas;
			sourceTree = "<group>";
		};
/* End PBXGroup section */

/* Begin PBXNativeTarget section */
		CFF1FC901F5341F000008E2A /* Mapas */ = {
			isa = PBXNativeTarget;
			buildConfigurationList = CFF1FCA31F5341F000008E2A /* Build configuration list for PBXNativeTarget "Mapas" */;
			buildPhases = (
				CFF1FC8D1F5341F000008E2A /* Sources */,
				CFF1FC8E1F5341F000008E2A /* Frameworks */,
				CFF1FC8F1F5341F000008E2A /* Resources */,
			);
			buildRules = (
			);
			dependencies = (
			);
			name = Mapas;
			productName = Mapas;
			productReference = CFF1FC911F5341F000008E2A /* Mapas.app */;
			productType = "com.apple.product-type.application";
		};
/* End PBXNativeTarget section */

/* Begin PBXProject section */
		CFF1FC891F5341F000008E2A /* Project object */ = {
			isa = PBXProject;
			attributes = {
				LastSwiftUpdateCheck = 0900;
				LastUpgradeCheck = 0930;
				ORGANIZATIONNAME = "Jorge Maldonado Borbón";
				TargetAttributes = {
					CFF1FC901F5341F000008E2A = {
						CreatedOnToolsVersion = 9.0;
					};
				};
			};
			buildConfigurationList = CFF1FC8C1F5341F000008E2A /* Build configuration list for PBXProject "Mapas" */;
			compatibilityVersion = "Xcode 8.0";
			developmentRegion = en;
			hasScannedForEncodings = 0;
			knownRegions = (
				en,
				Base,
			);
			mainGroup = CFF1FC881F5341F000008E2A;
			productRefGroup = CFF1FC921F5341F000008E2A /* Products */;
			projectDirPath = "";
			projectRoot = "";
			targets = (
				CFF1FC901F5341F000008E2A /* Mapas */,
			);
		};
/* End PBXProject section */

/* Begin PBXResourcesBuildPhase section */
		CFF1FC8F1F5341F000008E2A /* Resources */ = {
			isa = PBXResourcesBuildPhase;
			buildActionMask = 2147483647;
			files = (
				CFF1FC9F1F5341F000008E2A /* LaunchScreen.storyboard in Resources */,
				CFF1FC9C1F5341F000008E2A /* Assets.xcassets in Resources */,
				CFF1FC9A1F5341F000008E2A /* Main.storyboard in Resources */,
			);
			runOnlyForDeploymentPostprocessing = 0;
		};
/* End PBXResourcesBuildPhase section */

/* Begin PBXSourcesBuildPhase section */
		CFF1FC8D1F5341F000008E2A /* Sources */ = {
			isa = PBXSourcesBuildPhase;
			buildActionMask = 2147483647;
			files = (
				CFF1FCAB1F53542700008E2A /* CoordenadasViewController.swift in Sources */,
				CF6D39051F536F5E007E3AE6 /* MapaViewController.swift in Sources */,
				CFF1FC971F5341F000008E2A /* ViewController.swift in Sources */,
				CFF1FC951F5341F000008E2A /* AppDelegate.swift in Sources */,
			);
			runOnlyForDeploymentPostprocessing = 0;
		};
/* End PBXSourcesBuildPhase section */

/* Begin PBXVariantGroup section */
		CFF1FC981F5341F000008E2A /* Main.storyboard */ = {
			isa = PBXVariantGroup;
			children = (
				CFF1FC991F5341F000008E2A /* Base */,
			);
			name = Main.storyboard;
			sourceTree = "<group>";
		};
		CFF1FC9D1F5341F000008E2A /* LaunchScreen.storyboard */ = {
			isa = PBXVariantGroup;
			children = (
				CFF1FC9E1F5341F000008E2A /* Base */,
			);
			name = LaunchScreen.storyboard;
			sourceTree = "<group>";
		};
/* End PBXVariantGroup section */

/* Begin XCBuildConfiguration section */
		CFF1FCA11F5341F000008E2A /* Debug */ = {
			isa = XCBuildConfiguration;
			buildSettings = {
				ALWAYS_SEARCH_USER_PATHS = NO;
				CLANG_ANALYZER_NONNULL = YES;
				CLANG_ANALYZER_NUMBER_OBJECT_CONVERSION = YES_AGGRESSIVE;
				CLANG_CXX_LANGUAGE_STANDARD = "gnu++14";
				CLANG_CXX_LIBRARY = "libc++";
				CLANG_ENABLE_MODULES = YES;
				CLANG_ENABLE_OBJC_ARC = YES;
				CLANG_WARN_BLOCK_CAPTURE_AUTORELEASING = YES;
				CLANG_WARN_BOOL_CONVERSION = YES;
				CLANG_WARN_COMMA = YES;
				CLANG_WARN_CONSTANT_CONVERSION = YES;
				CLANG_WARN_DEPRECATED_OBJC_IMPLEMENTATIONS = YES;
				CLANG_WARN_DIRECT_OBJC_ISA_USAGE = YES_ERROR;
				CLANG_WARN_DOCUMENTATION_COMMENTS = YES;
				CLANG_WARN_EMPTY_BODY = YES;
				CLANG_WARN_ENUM_CONVERSION = YES;
				CLANG_WARN_INFINITE_RECURSION = YES;
				CLANG_WARN_INT_CONVERSION = YES;
				CLANG_WARN_NON_LITERAL_NULL_CONVERSION = YES;
				CLANG_WARN_OBJC_IMPLICIT_RETAIN_SELF = YES;
				CLANG_WARN_OBJC_LITERAL_CONVERSION = YES;
				CLANG_WARN_OBJC_ROOT_CLASS = YES_ERROR;
				CLANG_WARN_RANGE_LOOP_ANALYSIS = YES;
				CLANG_WARN_STRICT_PROTOTYPES = YES;
				CLANG_WARN_SUSPICIOUS_MOVE = YES;
				CLANG_WARN_UNGUARDED_AVAILABILITY = YES_AGGRESSIVE;
				CLANG_WARN_UNREACHABLE_CODE = YES;
				CLANG_WARN__DUPLICATE_METHOD_MATCH = YES;
				CODE_SIGN_IDENTITY = "iPhone Developer";
				COPY_PHASE_STRIP = NO;
				DEBUG_INFORMATION_FORMAT = dwarf;
				ENABLE_STRICT_OBJC_MSGSEND = YES;
				ENABLE_TESTABILITY = YES;
				GCC_C_LANGUAGE_STANDARD = gnu11;
				GCC_DYNAMIC_NO_PIC = NO;
				GCC_NO_COMMON_BLOCKS = YES;
				GCC_OPTIMIZATION_LEVEL = 0;
				GCC_PREPROCESSOR_DEFINITIONS = (
					"DEBUG=1",
					"$(inherited)",
				);
				GCC_WARN_64_TO_32_BIT_CONVERSION = YES;
				GCC_WARN_ABOUT_RETURN_TYPE = YES_ERROR;
				GCC_WARN_UNDECLARED_SELECTOR = YES;
				GCC_WARN_UNINITIALIZED_AUTOS = YES_AGGRESSIVE;
				GCC_WARN_UNUSED_FUNCTION = YES;
				GCC_WARN_UNUSED_VARIABLE = YES;
				IPHONEOS_DEPLOYMENT_TARGET = 11.0;
				MTL_ENABLE_DEBUG_INFO = YES;
				ONLY_ACTIVE_ARCH = YES;
				SDKROOT = iphoneos;
				SWIFT_ACTIVE_COMPILATION_CONDITIONS = DEBUG;
				SWIFT_OPTIMIZATION_LEVEL = "-Onone";
			};
			name = Debug;
		};
		CFF1FCA21F5341F000008E2A /* Release */ = {
			isa = XCBuildConfiguration;
			buildSettings = {
				ALWAYS_SEARCH_USER_PATHS = NO;
				CLANG_ANALYZER_NONNULL = YES;
				CLANG_ANALYZER_NUMBER_OBJECT_CONVERSION = YES_AGGRESSIVE;
				CLANG_CXX_LANGUAGE_STANDARD = "gnu++14";
				CLANG_CXX_LIBRARY = "libc++";
				CLANG_ENABLE_MODULES = YES;
				CLANG_ENABLE_OBJC_ARC = YES;
				CLANG_WARN_BLOCK_CAPTURE_AUTORELEASING = YES;
				CLANG_WARN_BOOL_CONVERSION = YES;
				CLANG_WARN_COMMA = YES;
				CLANG_WARN_CONSTANT_CONVERSION = YES;
				CLANG_WARN_DEPRECATED_OBJC_IMPLEMENTATIONS = YES;
				CLANG_WARN_DIRECT_OBJC_ISA_USAGE = YES_ERROR;
				CLANG_WARN_DOCUMENTATION_COMMENTS = YES;
				CLANG_WARN_EMPTY_BODY = YES;
				CLANG_WARN_ENUM_CONVERSION = YES;
				CLANG_WARN_INFINITE_RECURSION = YES;
				CLANG_WARN_INT_CONVERSION = YES;
				CLANG_WARN_NON_LITERAL_NULL_CONVERSION = YES;
				CLANG_WARN_OBJC_IMPLICIT_RETAIN_SELF = YES;
				CLANG_WARN_OBJC_LITERAL_CONVERSION = YES;
				CLANG_WARN_OBJC_ROOT_CLASS = YES_ERROR;
				CLANG_WARN_RANGE_LOOP_ANALYSIS = YES;
				CLANG_WARN_STRICT_PROTOTYPES = YES;
				CLANG_WARN_SUSPICIOUS_MOVE = YES;
				CLANG_WARN_UNGUARDED_AVAILABILITY = YES_AGGRESSIVE;
				CLANG_WARN_UNREACHABLE_CODE = YES;
				CLANG_WARN__DUPLICATE_METHOD_MATCH = YES;
				CODE_SIGN_IDENTITY = "iPhone Developer";
				COPY_PHASE_STRIP = NO;
				DEBUG_INFORMATION_FORMAT = "dwarf-with-dsym";
				ENABLE_NS_ASSERTIONS = NO;
				ENABLE_STRICT_OBJC_MSGSEND = YES;
				GCC_C_LANGUAGE_STANDARD = gnu11;
				GCC_NO_COMMON_BLOCKS = YES;
				GCC_WARN_64_TO_32_BIT_CONVERSION = YES;
				GCC_WARN_ABOUT_RETURN_TYPE = YES_ERROR;
				GCC_WARN_UNDECLARED_SELECTOR = YES;
				GCC_WARN_UNINITIALIZED_AUTOS = YES_AGGRESSIVE;
				GCC_WARN_UNUSED_FUNCTION = YES;
				GCC_WARN_UNUSED_VARIABLE = YES;
				IPHONEOS_DEPLOYMENT_TARGET = 11.0;
				MTL_ENABLE_DEBUG_INFO = NO;
				SDKROOT = iphoneos;
				SWIFT_OPTIMIZATION_LEVEL = "-Owholemodule";
				VALIDATE_PRODUCT = YES;
			};
			name = Release;
		};
		CFF1FCA41F5341F000008E2A /* Debug */ = {
			isa = XCBuildConfiguration;
			buildSettings = {
				ASSETCATALOG_COMPILER_APPICON_NAME = AppIcon;
				DEVELOPMENT_TEAM = "";
				INFOPLIST_FILE = Mapas/Info.plist;
				LD_RUNPATH_SEARCH_PATHS = "$(inherited) @executable_path/Frameworks";
				PRODUCT_BUNDLE_IDENTIFIER = com.jorge.Mapas;
				PRODUCT_NAME = "$(TARGET_NAME)";
				SWIFT_VERSION = 4.0;
				TARGETED_DEVICE_FAMILY = "1,2";
			};
			name = Debug;
		};
		CFF1FCA51F5341F000008E2A /* Release */ = {
			isa = XCBuildConfiguration;
			buildSettings = {
				ASSETCATALOG_COMPILER_APPICON_NAME = AppIcon;
				DEVELOPMENT_TEAM = "";
				INFOPLIST_FILE = Mapas/Info.plist;
				LD_RUNPATH_SEARCH_PATHS = "$(inherited) @executable_path/Frameworks";
				PRODUCT_BUNDLE_IDENTIFIER = com.jorge.Mapas;
				PRODUCT_NAME = "$(TARGET_NAME)";
				SWIFT_VERSION = 4.0;
				TARGETED_DEVICE_FAMILY = "1,2";
			};
			name = Release;
		};
/* End XCBuildConfiguration section */

/* Begin XCConfigurationList section */
		CFF1FC8C1F5341F000008E2A /* Build configuration list for PBXProject "Mapas" */ = {
			isa = XCConfigurationList;
			buildConfigurations = (
				CFF1FCA11F5341F000008E2A /* Debug */,
				CFF1FCA21F5341F000008E2A /* Release */,
			);
			defaultConfigurationIsVisible = 0;
			defaultConfigurationName = Release;
		};
		CFF1FCA31F5341F000008E2A /* Build configuration list for PBXNativeTarget "Mapas" */ = {
			isa = XCConfigurationList;
			buildConfigurations = (
				CFF1FCA41F5341F000008E2A /* Debug */,
				CFF1FCA51F5341F000008E2A /* Release */,
			);
			defaultConfigurationIsVisible = 0;
			defaultConfigurationName = Release;
		};
/* End XCConfigurationList section */
	};
	rootObject = CFF1FC891F5341F000008E2A /* Project object */;
}
