// !$*UTF8*$!
{
	archiveVersion = 1;
	classes = {
	};
	objectVersion = 50;
	objects = {

/* Begin PBXBuildFile section */
		84DFC3F420B27FEE0051CE50 /* AppDelegate.swift in Sources */ = {isa = PBXBuildFile; fileRef = 84DFC3F320B27FEE0051CE50 /* AppDelegate.swift */; };
		84DFC3F620B27FEE0051CE50 /* ViewController.swift in Sources */ = {isa = PBXBuildFile; fileRef = 84DFC3F520B27FEE0051CE50 /* ViewController.swift */; };
		84DFC3F920B27FEE0051CE50 /* Main.storyboard in Resources */ = {isa = PBXBuildFile; fileRef = 84DFC3F720B27FEE0051CE50 /* Main.storyboard */; };
		84DFC3FB20B27FF00051CE50 /* Assets.xcassets in Resources */ = {isa = PBXBuildFile; fileRef = 84DFC3FA20B27FF00051CE50 /* Assets.xcassets */; };
		84DFC3FE20B27FF00051CE50 /* LaunchScreen.storyboard in Resources */ = {isa = PBXBuildFile; fileRef = 84DFC3FC20B27FF00051CE50 /* LaunchScreen.storyboard */; };
		84DFC40620B283200051CE50 /* Llamar.storyboard in Resources */ = {isa = PBXBuildFile; fileRef = 84DFC40520B283200051CE50 /* Llamar.storyboard */; };
		84DFC40820B2832E0051CE50 /* Mensaje.storyboard in Resources */ = {isa = PBXBuildFile; fileRef = 84DFC40720B2832E0051CE50 /* Mensaje.storyboard */; };
		84DFC40A20B283360051CE50 /* Correo.storyboard in Resources */ = {isa = PBXBuildFile; fileRef = 84DFC40920B283360051CE50 /* Correo.storyboard */; };
		84DFC40C20B289D70051CE50 /* LlamarController.swift in Sources */ = {isa = PBXBuildFile; fileRef = 84DFC40B20B289D70051CE50 /* LlamarController.swift */; };
		84DFC40E20B28A930051CE50 /* MensajeController.swift in Sources */ = {isa = PBXBuildFile; fileRef = 84DFC40D20B28A930051CE50 /* MensajeController.swift */; };
		84DFC41020B28AA10051CE50 /* CorreoController.swift in Sources */ = {isa = PBXBuildFile; fileRef = 84DFC40F20B28AA10051CE50 /* CorreoController.swift */; };
/* End PBXBuildFile section */

/* Begin PBXFileReference section */
		84DFC3F020B27FEE0051CE50 /* llamadas.app */ = {isa = PBXFileReference; explicitFileType = wrapper.application; includeInIndex = 0; path = llamadas.app; sourceTree = BUILT_PRODUCTS_DIR; };
		84DFC3F320B27FEE0051CE50 /* AppDelegate.swift */ = {isa = PBXFileReference; lastKnownFileType = sourcecode.swift; path = AppDelegate.swift; sourceTree = "<group>"; };
		84DFC3F520B27FEE0051CE50 /* ViewController.swift */ = {isa = PBXFileReference; lastKnownFileType = sourcecode.swift; path = ViewController.swift; sourceTree = "<group>"; };
		84DFC3F820B27FEE0051CE50 /* Base */ = {isa = PBXFileReference; lastKnownFileType = file.storyboard; name = Base; path = Base.lproj/Main.storyboard; sourceTree = "<group>"; };
		84DFC3FA20B27FF00051CE50 /* Assets.xcassets */ = {isa = PBXFileReference; lastKnownFileType = folder.assetcatalog; path = Assets.xcassets; sourceTree = "<group>"; };
		84DFC3FD20B27FF00051CE50 /* Base */ = {isa = PBXFileReference; lastKnownFileType = file.storyboard; name = Base; path = Base.lproj/LaunchScreen.storyboard; sourceTree = "<group>"; };
		84DFC3FF20B27FF00051CE50 /* Info.plist */ = {isa = PBXFileReference; lastKnownFileType = text.plist.xml; path = Info.plist; sourceTree = "<group>"; };
		84DFC40520B283200051CE50 /* Llamar.storyboard */ = {isa = PBXFileReference; lastKnownFileType = file.storyboard; path = Llamar.storyboard; sourceTree = "<group>"; };
		84DFC40720B2832E0051CE50 /* Mensaje.storyboard */ = {isa = PBXFileReference; lastKnownFileType = file.storyboard; path = Mensaje.storyboard; sourceTree = "<group>"; };
		84DFC40920B283360051CE50 /* Correo.storyboard */ = {isa = PBXFileReference; lastKnownFileType = file.storyboard; path = Correo.storyboard; sourceTree = "<group>"; };
		84DFC40B20B289D70051CE50 /* LlamarController.swift */ = {isa = PBXFileReference; lastKnownFileType = sourcecode.swift; path = LlamarController.swift; sourceTree = "<group>"; };
		84DFC40D20B28A930051CE50 /* MensajeController.swift */ = {isa = PBXFileReference; lastKnownFileType = sourcecode.swift; path = MensajeController.swift; sourceTree = "<group>"; };
		84DFC40F20B28AA10051CE50 /* CorreoController.swift */ = {isa = PBXFileReference; lastKnownFileType = sourcecode.swift; path = CorreoController.swift; sourceTree = "<group>"; };
/* End PBXFileReference section */

/* Begin PBXFrameworksBuildPhase section */
		84DFC3ED20B27FEE0051CE50 /* Frameworks */ = {
			isa = PBXFrameworksBuildPhase;
			buildActionMask = 2147483647;
			files = (
			);
			runOnlyForDeploymentPostprocessing = 0;
		};
/* End PBXFrameworksBuildPhase section */

/* Begin PBXGroup section */
		84DFC3E720B27FEE0051CE50 = {
			isa = PBXGroup;
			children = (
				84DFC3F220B27FEE0051CE50 /* llamadas */,
				84DFC3F120B27FEE0051CE50 /* Products */,
			);
			sourceTree = "<group>";
		};
		84DFC3F120B27FEE0051CE50 /* Products */ = {
			isa = PBXGroup;
			children = (
				84DFC3F020B27FEE0051CE50 /* llamadas.app */,
			);
			name = Products;
			sourceTree = "<group>";
		};
		84DFC3F220B27FEE0051CE50 /* llamadas */ = {
			isa = PBXGroup;
			children = (
				84DFC3F320B27FEE0051CE50 /* AppDelegate.swift */,
				84DFC3F520B27FEE0051CE50 /* ViewController.swift */,
				84DFC3F720B27FEE0051CE50 /* Main.storyboard */,
				84DFC40520B283200051CE50 /* Llamar.storyboard */,
				84DFC40B20B289D70051CE50 /* LlamarController.swift */,
				84DFC40720B2832E0051CE50 /* Mensaje.storyboard */,
				84DFC40D20B28A930051CE50 /* MensajeController.swift */,
				84DFC40920B283360051CE50 /* Correo.storyboard */,
				84DFC40F20B28AA10051CE50 /* CorreoController.swift */,
				84DFC3FA20B27FF00051CE50 /* Assets.xcassets */,
				84DFC3FC20B27FF00051CE50 /* LaunchScreen.storyboard */,
				84DFC3FF20B27FF00051CE50 /* Info.plist */,
			);
			path = llamadas;
			sourceTree = "<group>";
		};
/* End PBXGroup section */

/* Begin PBXNativeTarget section */
		84DFC3EF20B27FEE0051CE50 /* llamadas */ = {
			isa = PBXNativeTarget;
			buildConfigurationList = 84DFC40220B27FF00051CE50 /* Build configuration list for PBXNativeTarget "llamadas" */;
			buildPhases = (
				84DFC3EC20B27FEE0051CE50 /* Sources */,
				84DFC3ED20B27FEE0051CE50 /* Frameworks */,
				84DFC3EE20B27FEE0051CE50 /* Resources */,
			);
			buildRules = (
			);
			dependencies = (
			);
			name = llamadas;
			productName = llamadas;
			productReference = 84DFC3F020B27FEE0051CE50 /* llamadas.app */;
			productType = "com.apple.product-type.application";
		};
/* End PBXNativeTarget section */

/* Begin PBXProject section */
		84DFC3E820B27FEE0051CE50 /* Project object */ = {
			isa = PBXProject;
			attributes = {
				LastSwiftUpdateCheck = 0930;
				LastUpgradeCheck = 0930;
				ORGANIZATIONNAME = iwebsapp;
				TargetAttributes = {
					84DFC3EF20B27FEE0051CE50 = {
						CreatedOnToolsVersion = 9.3.1;
					};
				};
			};
			buildConfigurationList = 84DFC3EB20B27FEE0051CE50 /* Build configuration list for PBXProject "llamadas" */;
			compatibilityVersion = "Xcode 9.3";
			developmentRegion = en;
			hasScannedForEncodings = 0;
			knownRegions = (
				en,
				Base,
			);
			mainGroup = 84DFC3E720B27FEE0051CE50;
			productRefGroup = 84DFC3F120B27FEE0051CE50 /* Products */;
			projectDirPath = "";
			projectRoot = "";
			targets = (
				84DFC3EF20B27FEE0051CE50 /* llamadas */,
			);
		};
/* End PBXProject section */

/* Begin PBXResourcesBuildPhase section */
		84DFC3EE20B27FEE0051CE50 /* Resources */ = {
			isa = PBXResourcesBuildPhase;
			buildActionMask = 2147483647;
			files = (
				84DFC40820B2832E0051CE50 /* Mensaje.storyboard in Resources */,
				84DFC3FE20B27FF00051CE50 /* LaunchScreen.storyboard in Resources */,
				84DFC40A20B283360051CE50 /* Correo.storyboard in Resources */,
				84DFC40620B283200051CE50 /* Llamar.storyboard in Resources */,
				84DFC3FB20B27FF00051CE50 /* Assets.xcassets in Resources */,
				84DFC3F920B27FEE0051CE50 /* Main.storyboard in Resources */,
			);
			runOnlyForDeploymentPostprocessing = 0;
		};
/* End PBXResourcesBuildPhase section */

/* Begin PBXSourcesBuildPhase section */
		84DFC3EC20B27FEE0051CE50 /* Sources */ = {
			isa = PBXSourcesBuildPhase;
			buildActionMask = 2147483647;
			files = (
				84DFC41020B28AA10051CE50 /* CorreoController.swift in Sources */,
				84DFC3F620B27FEE0051CE50 /* ViewController.swift in Sources */,
				84DFC40E20B28A930051CE50 /* MensajeController.swift in Sources */,
				84DFC40C20B289D70051CE50 /* LlamarController.swift in Sources */,
				84DFC3F420B27FEE0051CE50 /* AppDelegate.swift in Sources */,
			);
			runOnlyForDeploymentPostprocessing = 0;
		};
/* End PBXSourcesBuildPhase section */

/* Begin PBXVariantGroup section */
		84DFC3F720B27FEE0051CE50 /* Main.storyboard */ = {
			isa = PBXVariantGroup;
			children = (
				84DFC3F820B27FEE0051CE50 /* Base */,
			);
			name = Main.storyboard;
			sourceTree = "<group>";
		};
		84DFC3FC20B27FF00051CE50 /* LaunchScreen.storyboard */ = {
			isa = PBXVariantGroup;
			children = (
				84DFC3FD20B27FF00051CE50 /* Base */,
			);
			name = LaunchScreen.storyboard;
			sourceTree = "<group>";
		};
/* End PBXVariantGroup section */

/* Begin XCBuildConfiguration section */
		84DFC40020B27FF00051CE50 /* Debug */ = {
			isa = XCBuildConfiguration;
			buildSettings = {
				ALWAYS_SEARCH_USER_PATHS = NO;
				CLANG_ANALYZER_NONNULL = YES;
				CLANG_ANALYZER_NUMBER_OBJECT_CONVERSION = YES_AGGRESSIVE;
				CLANG_CXX_LANGUAGE_STANDARD = "gnu++14";
				CLANG_CXX_LIBRARY = "libc++";
				CLANG_ENABLE_MODULES = YES;
				CLANG_ENABLE_OBJC_ARC = YES;
				CLANG_ENABLE_OBJC_WEAK = YES;
				CLANG_WARN_BLOCK_CAPTURE_AUTORELEASING = YES;
				CLANG_WARN_BOOL_CONVERSION = YES;
				CLANG_WARN_COMMA = YES;
				CLANG_WARN_CONSTANT_CONVERSION = YES;
				CLANG_WARN_DEPRECATED_OBJC_IMPLEMENTATIONS = YES;
				CLANG_WARN_DIRECT_OBJC_ISA_USAGE = YES_ERROR;
				CLANG_WARN_DOCUMENTATION_COMMENTS = YES;
				CLANG_WARN_EMPTY_BODY = YES;
				CLANG_WARN_ENUM_CONVERSION = YES;
				CLANG_WARN_INFINITE_RECURSION = YES;
				CLANG_WARN_INT_CONVERSION = YES;
				CLANG_WARN_NON_LITERAL_NULL_CONVERSION = YES;
				CLANG_WARN_OBJC_IMPLICIT_RETAIN_SELF = YES;
				CLANG_WARN_OBJC_LITERAL_CONVERSION = YES;
				CLANG_WARN_OBJC_ROOT_CLASS = YES_ERROR;
				CLANG_WARN_RANGE_LOOP_ANALYSIS = YES;
				CLANG_WARN_STRICT_PROTOTYPES = YES;
				CLANG_WARN_SUSPICIOUS_MOVE = YES;
				CLANG_WARN_UNGUARDED_AVAILABILITY = YES_AGGRESSIVE;
				CLANG_WARN_UNREACHABLE_CODE = YES;
				CLANG_WARN__DUPLICATE_METHOD_MATCH = YES;
				CODE_SIGN_IDENTITY = "iPhone Developer";
				COPY_PHASE_STRIP = NO;
				DEBUG_INFORMATION_FORMAT = dwarf;
				ENABLE_STRICT_OBJC_MSGSEND = YES;
				ENABLE_TESTABILITY = YES;
				GCC_C_LANGUAGE_STANDARD = gnu11;
				GCC_DYNAMIC_NO_PIC = NO;
				GCC_NO_COMMON_BLOCKS = YES;
				GCC_OPTIMIZATION_LEVEL = 0;
				GCC_PREPROCESSOR_DEFINITIONS = (
					"DEBUG=1",
					"$(inherited)",
				);
				GCC_WARN_64_TO_32_BIT_CONVERSION = YES;
				GCC_WARN_ABOUT_RETURN_TYPE = YES_ERROR;
				GCC_WARN_UNDECLARED_SELECTOR = YES;
				GCC_WARN_UNINITIALIZED_AUTOS = YES_AGGRESSIVE;
				GCC_WARN_UNUSED_FUNCTION = YES;
				GCC_WARN_UNUSED_VARIABLE = YES;
				IPHONEOS_DEPLOYMENT_TARGET = 11.3;
				MTL_ENABLE_DEBUG_INFO = YES;
				ONLY_ACTIVE_ARCH = YES;
				SDKROOT = iphoneos;
				SWIFT_ACTIVE_COMPILATION_CONDITIONS = DEBUG;
				SWIFT_OPTIMIZATION_LEVEL = "-Onone";
			};
			name = Debug;
		};
		84DFC40120B27FF00051CE50 /* Release */ = {
			isa = XCBuildConfiguration;
			buildSettings = {
				ALWAYS_SEARCH_USER_PATHS = NO;
				CLANG_ANALYZER_NONNULL = YES;
				CLANG_ANALYZER_NUMBER_OBJECT_CONVERSION = YES_AGGRESSIVE;
				CLANG_CXX_LANGUAGE_STANDARD = "gnu++14";
				CLANG_CXX_LIBRARY = "libc++";
				CLANG_ENABLE_MODULES = YES;
				CLANG_ENABLE_OBJC_ARC = YES;
				CLANG_ENABLE_OBJC_WEAK = YES;
				CLANG_WARN_BLOCK_CAPTURE_AUTORELEASING = YES;
				CLANG_WARN_BOOL_CONVERSION = YES;
				CLANG_WARN_COMMA = YES;
				CLANG_WARN_CONSTANT_CONVERSION = YES;
				CLANG_WARN_DEPRECATED_OBJC_IMPLEMENTATIONS = YES;
				CLANG_WARN_DIRECT_OBJC_ISA_USAGE = YES_ERROR;
				CLANG_WARN_DOCUMENTATION_COMMENTS = YES;
				CLANG_WARN_EMPTY_BODY = YES;
				CLANG_WARN_ENUM_CONVERSION = YES;
				CLANG_WARN_INFINITE_RECURSION = YES;
				CLANG_WARN_INT_CONVERSION = YES;
				CLANG_WARN_NON_LITERAL_NULL_CONVERSION = YES;
				CLANG_WARN_OBJC_IMPLICIT_RETAIN_SELF = YES;
				CLANG_WARN_OBJC_LITERAL_CONVERSION = YES;
				CLANG_WARN_OBJC_ROOT_CLASS = YES_ERROR;
				CLANG_WARN_RANGE_LOOP_ANALYSIS = YES;
				CLANG_WARN_STRICT_PROTOTYPES = YES;
				CLANG_WARN_SUSPICIOUS_MOVE = YES;
				CLANG_WARN_UNGUARDED_AVAILABILITY = YES_AGGRESSIVE;
				CLANG_WARN_UNREACHABLE_CODE = YES;
				CLANG_WARN__DUPLICATE_METHOD_MATCH = YES;
				CODE_SIGN_IDENTITY = "iPhone Developer";
				COPY_PHASE_STRIP = NO;
				DEBUG_INFORMATION_FORMAT = "dwarf-with-dsym";
				ENABLE_NS_ASSERTIONS = NO;
				ENABLE_STRICT_OBJC_MSGSEND = YES;
				GCC_C_LANGUAGE_STANDARD = gnu11;
				GCC_NO_COMMON_BLOCKS = YES;
				GCC_WARN_64_TO_32_BIT_CONVERSION = YES;
				GCC_WARN_ABOUT_RETURN_TYPE = YES_ERROR;
				GCC_WARN_UNDECLARED_SELECTOR = YES;
				GCC_WARN_UNINITIALIZED_AUTOS = YES_AGGRESSIVE;
				GCC_WARN_UNUSED_FUNCTION = YES;
				GCC_WARN_UNUSED_VARIABLE = YES;
				IPHONEOS_DEPLOYMENT_TARGET = 11.3;
				MTL_ENABLE_DEBUG_INFO = NO;
				SDKROOT = iphoneos;
				SWIFT_COMPILATION_MODE = wholemodule;
				SWIFT_OPTIMIZATION_LEVEL = "-O";
				VALIDATE_PRODUCT = YES;
			};
			name = Release;
		};
		84DFC40320B27FF00051CE50 /* Debug */ = {
			isa = XCBuildConfiguration;
			buildSettings = {
				ASSETCATALOG_COMPILER_APPICON_NAME = AppIcon;
				CODE_SIGN_STYLE = Automatic;
				DEVELOPMENT_TEAM = Y99AD5GLT5;
				INFOPLIST_FILE = llamadas/Info.plist;
				LD_RUNPATH_SEARCH_PATHS = (
					"$(inherited)",
					"@executable_path/Frameworks",
				);
				PRODUCT_BUNDLE_IDENTIFIER = com.iwebsapp.llamadas;
				PRODUCT_NAME = "$(TARGET_NAME)";
				SWIFT_VERSION = 4.0;
				TARGETED_DEVICE_FAMILY = "1,2";
			};
			name = Debug;
		};
		84DFC40420B27FF00051CE50 /* Release */ = {
			isa = XCBuildConfiguration;
			buildSettings = {
				ASSETCATALOG_COMPILER_APPICON_NAME = AppIcon;
				CODE_SIGN_STYLE = Automatic;
				DEVELOPMENT_TEAM = Y99AD5GLT5;
				INFOPLIST_FILE = llamadas/Info.plist;
				LD_RUNPATH_SEARCH_PATHS = (
					"$(inherited)",
					"@executable_path/Frameworks",
				);
				PRODUCT_BUNDLE_IDENTIFIER = com.iwebsapp.llamadas;
				PRODUCT_NAME = "$(TARGET_NAME)";
				SWIFT_VERSION = 4.0;
				TARGETED_DEVICE_FAMILY = "1,2";
			};
			name = Release;
		};
/* End XCBuildConfiguration section */

/* Begin XCConfigurationList section */
		84DFC3EB20B27FEE0051CE50 /* Build configuration list for PBXProject "llamadas" */ = {
			isa = XCConfigurationList;
			buildConfigurations = (
				84DFC40020B27FF00051CE50 /* Debug */,
				84DFC40120B27FF00051CE50 /* Release */,
			);
			defaultConfigurationIsVisible = 0;
			defaultConfigurationName = Release;
		};
		84DFC40220B27FF00051CE50 /* Build configuration list for PBXNativeTarget "llamadas" */ = {
			isa = XCConfigurationList;
			buildConfigurations = (
				84DFC40320B27FF00051CE50 /* Debug */,
				84DFC40420B27FF00051CE50 /* Release */,
			);
			defaultConfigurationIsVisible = 0;
			defaultConfigurationName = Release;
		};
/* End XCConfigurationList section */
	};
	rootObject = 84DFC3E820B27FEE0051CE50 /* Project object */;
}
