// !$*UTF8*$!
{
	archiveVersion = 1;
	classes = {
	};
	objectVersion = 48;
	objects = {

/* Begin PBXBuildFile section */
		A0E624B220485BAA00B9A25C /* AppDelegate.swift in Sources */ = {isa = PBXBuildFile; fileRef = A0E624B120485BAA00B9A25C /* AppDelegate.swift */; };
		A0E624B420485BAA00B9A25C /* PrimeroController.swift in Sources */ = {isa = PBXBuildFile; fileRef = A0E624B320485BAA00B9A25C /* PrimeroController.swift */; };
		A0E624B720485BAA00B9A25C /* Main.storyboard in Resources */ = {isa = PBXBuildFile; fileRef = A0E624B520485BAA00B9A25C /* Main.storyboard */; };
		A0E624B920485BAA00B9A25C /* Assets.xcassets in Resources */ = {isa = PBXBuildFile; fileRef = A0E624B820485BAA00B9A25C /* Assets.xcassets */; };
		A0E624BC20485BAA00B9A25C /* LaunchScreen.storyboard in Resources */ = {isa = PBXBuildFile; fileRef = A0E624BA20485BAA00B9A25C /* LaunchScreen.storyboard */; };
		A0E624C4204861ED00B9A25C /* PaginacionViewController.swift in Sources */ = {isa = PBXBuildFile; fileRef = A0E624C3204861ED00B9A25C /* PaginacionViewController.swift */; };
/* End PBXBuildFile section */

/* Begin PBXFileReference section */
		A0E624AE20485BAA00B9A25C /* pagesView.app */ = {isa = PBXFileReference; explicitFileType = wrapper.application; includeInIndex = 0; path = pagesView.app; sourceTree = BUILT_PRODUCTS_DIR; };
		A0E624B120485BAA00B9A25C /* AppDelegate.swift */ = {isa = PBXFileReference; lastKnownFileType = sourcecode.swift; path = AppDelegate.swift; sourceTree = "<group>"; };
		A0E624B320485BAA00B9A25C /* PrimeroController.swift */ = {isa = PBXFileReference; lastKnownFileType = sourcecode.swift; path = PrimeroController.swift; sourceTree = "<group>"; };
		A0E624B620485BAA00B9A25C /* Base */ = {isa = PBXFileReference; lastKnownFileType = file.storyboard; name = Base; path = Base.lproj/Main.storyboard; sourceTree = "<group>"; };
		A0E624B820485BAA00B9A25C /* Assets.xcassets */ = {isa = PBXFileReference; lastKnownFileType = folder.assetcatalog; path = Assets.xcassets; sourceTree = "<group>"; };
		A0E624BB20485BAA00B9A25C /* Base */ = {isa = PBXFileReference; lastKnownFileType = file.storyboard; name = Base; path = Base.lproj/LaunchScreen.storyboard; sourceTree = "<group>"; };
		A0E624BD20485BAA00B9A25C /* Info.plist */ = {isa = PBXFileReference; lastKnownFileType = text.plist.xml; path = Info.plist; sourceTree = "<group>"; };
		A0E624C3204861ED00B9A25C /* PaginacionViewController.swift */ = {isa = PBXFileReference; lastKnownFileType = sourcecode.swift; path = PaginacionViewController.swift; sourceTree = "<group>"; };
/* End PBXFileReference section */

/* Begin PBXFrameworksBuildPhase section */
		A0E624AB20485BAA00B9A25C /* Frameworks */ = {
			isa = PBXFrameworksBuildPhase;
			buildActionMask = 2147483647;
			files = (
			);
			runOnlyForDeploymentPostprocessing = 0;
		};
/* End PBXFrameworksBuildPhase section */

/* Begin PBXGroup section */
		A0E624A520485BAA00B9A25C = {
			isa = PBXGroup;
			children = (
				A0E624B020485BAA00B9A25C /* pagesView */,
				A0E624AF20485BAA00B9A25C /* Products */,
			);
			sourceTree = "<group>";
		};
		A0E624AF20485BAA00B9A25C /* Products */ = {
			isa = PBXGroup;
			children = (
				A0E624AE20485BAA00B9A25C /* pagesView.app */,
			);
			name = Products;
			sourceTree = "<group>";
		};
		A0E624B020485BAA00B9A25C /* pagesView */ = {
			isa = PBXGroup;
			children = (
				A0E624B120485BAA00B9A25C /* AppDelegate.swift */,
				A0E624C3204861ED00B9A25C /* PaginacionViewController.swift */,
				A0E624B320485BAA00B9A25C /* PrimeroController.swift */,
				A0E624B520485BAA00B9A25C /* Main.storyboard */,
				A0E624B820485BAA00B9A25C /* Assets.xcassets */,
				A0E624BA20485BAA00B9A25C /* LaunchScreen.storyboard */,
				A0E624BD20485BAA00B9A25C /* Info.plist */,
			);
			path = pagesView;
			sourceTree = "<group>";
		};
/* End PBXGroup section */

/* Begin PBXNativeTarget section */
		A0E624AD20485BAA00B9A25C /* pagesView */ = {
			isa = PBXNativeTarget;
			buildConfigurationList = A0E624C020485BAA00B9A25C /* Build configuration list for PBXNativeTarget "pagesView" */;
			buildPhases = (
				A0E624AA20485BAA00B9A25C /* Sources */,
				A0E624AB20485BAA00B9A25C /* Frameworks */,
				A0E624AC20485BAA00B9A25C /* Resources */,
			);
			buildRules = (
			);
			dependencies = (
			);
			name = pagesView;
			productName = pagesView;
			productReference = A0E624AE20485BAA00B9A25C /* pagesView.app */;
			productType = "com.apple.product-type.application";
		};
/* End PBXNativeTarget section */

/* Begin PBXProject section */
		A0E624A620485BAA00B9A25C /* Project object */ = {
			isa = PBXProject;
			attributes = {
				LastSwiftUpdateCheck = 0920;
				LastUpgradeCheck = 0920;
				ORGANIZATIONNAME = luis;
				TargetAttributes = {
					A0E624AD20485BAA00B9A25C = {
						CreatedOnToolsVersion = 9.2;
						ProvisioningStyle = Automatic;
					};
				};
			};
			buildConfigurationList = A0E624A920485BAA00B9A25C /* Build configuration list for PBXProject "pagesView" */;
			compatibilityVersion = "Xcode 8.0";
			developmentRegion = en;
			hasScannedForEncodings = 0;
			knownRegions = (
				en,
				Base,
			);
			mainGroup = A0E624A520485BAA00B9A25C;
			productRefGroup = A0E624AF20485BAA00B9A25C /* Products */;
			projectDirPath = "";
			projectRoot = "";
			targets = (
				A0E624AD20485BAA00B9A25C /* pagesView */,
			);
		};
/* End PBXProject section */

/* Begin PBXResourcesBuildPhase section */
		A0E624AC20485BAA00B9A25C /* Resources */ = {
			isa = PBXResourcesBuildPhase;
			buildActionMask = 2147483647;
			files = (
				A0E624BC20485BAA00B9A25C /* LaunchScreen.storyboard in Resources */,
				A0E624B920485BAA00B9A25C /* Assets.xcassets in Resources */,
				A0E624B720485BAA00B9A25C /* Main.storyboard in Resources */,
			);
			runOnlyForDeploymentPostprocessing = 0;
		};
/* End PBXResourcesBuildPhase section */

/* Begin PBXSourcesBuildPhase section */
		A0E624AA20485BAA00B9A25C /* Sources */ = {
			isa = PBXSourcesBuildPhase;
			buildActionMask = 2147483647;
			files = (
				A0E624C4204861ED00B9A25C /* PaginacionViewController.swift in Sources */,
				A0E624B420485BAA00B9A25C /* PrimeroController.swift in Sources */,
				A0E624B220485BAA00B9A25C /* AppDelegate.swift in Sources */,
			);
			runOnlyForDeploymentPostprocessing = 0;
		};
/* End PBXSourcesBuildPhase section */

/* Begin PBXVariantGroup section */
		A0E624B520485BAA00B9A25C /* Main.storyboard */ = {
			isa = PBXVariantGroup;
			children = (
				A0E624B620485BAA00B9A25C /* Base */,
			);
			name = Main.storyboard;
			sourceTree = "<group>";
		};
		A0E624BA20485BAA00B9A25C /* LaunchScreen.storyboard */ = {
			isa = PBXVariantGroup;
			children = (
				A0E624BB20485BAA00B9A25C /* Base */,
			);
			name = LaunchScreen.storyboard;
			sourceTree = "<group>";
		};
/* End PBXVariantGroup section */

/* Begin XCBuildConfiguration section */
		A0E624BE20485BAA00B9A25C /* Debug */ = {
			isa = XCBuildConfiguration;
			buildSettings = {
				ALWAYS_SEARCH_USER_PATHS = NO;
				CLANG_ANALYZER_NONNULL = YES;
				CLANG_ANALYZER_NUMBER_OBJECT_CONVERSION = YES_AGGRESSIVE;
				CLANG_CXX_LANGUAGE_STANDARD = "gnu++14";
				CLANG_CXX_LIBRARY = "libc++";
				CLANG_ENABLE_MODULES = YES;
				CLANG_ENABLE_OBJC_ARC = YES;
				CLANG_WARN_BLOCK_CAPTURE_AUTORELEASING = YES;
				CLANG_WARN_BOOL_CONVERSION = YES;
				CLANG_WARN_COMMA = YES;
				CLANG_WARN_CONSTANT_CONVERSION = YES;
				CLANG_WARN_DIRECT_OBJC_ISA_USAGE = YES_ERROR;
				CLANG_WARN_DOCUMENTATION_COMMENTS = YES;
				CLANG_WARN_EMPTY_BODY = YES;
				CLANG_WARN_ENUM_CONVERSION = YES;
				CLANG_WARN_INFINITE_RECURSION = YES;
				CLANG_WARN_INT_CONVERSION = YES;
				CLANG_WARN_NON_LITERAL_NULL_CONVERSION = YES;
				CLANG_WARN_OBJC_LITERAL_CONVERSION = YES;
				CLANG_WARN_OBJC_ROOT_CLASS = YES_ERROR;
				CLANG_WARN_RANGE_LOOP_ANALYSIS = YES;
				CLANG_WARN_STRICT_PROTOTYPES = YES;
				CLANG_WARN_SUSPICIOUS_MOVE = YES;
				CLANG_WARN_UNGUARDED_AVAILABILITY = YES_AGGRESSIVE;
				CLANG_WARN_UNREACHABLE_CODE = YES;
				CLANG_WARN__DUPLICATE_METHOD_MATCH = YES;
				CODE_SIGN_IDENTITY = "iPhone Developer";
				COPY_PHASE_STRIP = NO;
				DEBUG_INFORMATION_FORMAT = dwarf;
				ENABLE_STRICT_OBJC_MSGSEND = YES;
				ENABLE_TESTABILITY = YES;
				GCC_C_LANGUAGE_STANDARD = gnu11;
				GCC_DYNAMIC_NO_PIC = NO;
				GCC_NO_COMMON_BLOCKS = YES;
				GCC_OPTIMIZATION_LEVEL = 0;
				GCC_PREPROCESSOR_DEFINITIONS = (
					"DEBUG=1",
					"$(inherited)",
				);
				GCC_WARN_64_TO_32_BIT_CONVERSION = YES;
				GCC_WARN_ABOUT_RETURN_TYPE = YES_ERROR;
				GCC_WARN_UNDECLARED_SELECTOR = YES;
				GCC_WARN_UNINITIALIZED_AUTOS = YES_AGGRESSIVE;
				GCC_WARN_UNUSED_FUNCTION = YES;
				GCC_WARN_UNUSED_VARIABLE = YES;
				IPHONEOS_DEPLOYMENT_TARGET = 11.2;
				MTL_ENABLE_DEBUG_INFO = YES;
				ONLY_ACTIVE_ARCH = YES;
				SDKROOT = iphoneos;
				SWIFT_ACTIVE_COMPILATION_CONDITIONS = DEBUG;
				SWIFT_OPTIMIZATION_LEVEL = "-Onone";
			};
			name = Debug;
		};
		A0E624BF20485BAA00B9A25C /* Release */ = {
			isa = XCBuildConfiguration;
			buildSettings = {
				ALWAYS_SEARCH_USER_PATHS = NO;
				CLANG_ANALYZER_NONNULL = YES;
				CLANG_ANALYZER_NUMBER_OBJECT_CONVERSION = YES_AGGRESSIVE;
				CLANG_CXX_LANGUAGE_STANDARD = "gnu++14";
				CLANG_CXX_LIBRARY = "libc++";
				CLANG_ENABLE_MODULES = YES;
				CLANG_ENABLE_OBJC_ARC = YES;
				CLANG_WARN_BLOCK_CAPTURE_AUTORELEASING = YES;
				CLANG_WARN_BOOL_CONVERSION = YES;
				CLANG_WARN_COMMA = YES;
				CLANG_WARN_CONSTANT_CONVERSION = YES;
				CLANG_WARN_DIRECT_OBJC_ISA_USAGE = YES_ERROR;
				CLANG_WARN_DOCUMENTATION_COMMENTS = YES;
				CLANG_WARN_EMPTY_BODY = YES;
				CLANG_WARN_ENUM_CONVERSION = YES;
				CLANG_WARN_INFINITE_RECURSION = YES;
				CLANG_WARN_INT_CONVERSION = YES;
				CLANG_WARN_NON_LITERAL_NULL_CONVERSION = YES;
				CLANG_WARN_OBJC_LITERAL_CONVERSION = YES;
				CLANG_WARN_OBJC_ROOT_CLASS = YES_ERROR;
				CLANG_WARN_RANGE_LOOP_ANALYSIS = YES;
				CLANG_WARN_STRICT_PROTOTYPES = YES;
				CLANG_WARN_SUSPICIOUS_MOVE = YES;
				CLANG_WARN_UNGUARDED_AVAILABILITY = YES_AGGRESSIVE;
				CLANG_WARN_UNREACHABLE_CODE = YES;
				CLANG_WARN__DUPLICATE_METHOD_MATCH = YES;
				CODE_SIGN_IDENTITY = "iPhone Developer";
				COPY_PHASE_STRIP = NO;
				DEBUG_INFORMATION_FORMAT = "dwarf-with-dsym";
				ENABLE_NS_ASSERTIONS = NO;
				ENABLE_STRICT_OBJC_MSGSEND = YES;
				GCC_C_LANGUAGE_STANDARD = gnu11;
				GCC_NO_COMMON_BLOCKS = YES;
				GCC_WARN_64_TO_32_BIT_CONVERSION = YES;
				GCC_WARN_ABOUT_RETURN_TYPE = YES_ERROR;
				GCC_WARN_UNDECLARED_SELECTOR = YES;
				GCC_WARN_UNINITIALIZED_AUTOS = YES_AGGRESSIVE;
				GCC_WARN_UNUSED_FUNCTION = YES;
				GCC_WARN_UNUSED_VARIABLE = YES;
				IPHONEOS_DEPLOYMENT_TARGET = 11.2;
				MTL_ENABLE_DEBUG_INFO = NO;
				SDKROOT = iphoneos;
				SWIFT_OPTIMIZATION_LEVEL = "-Owholemodule";
				VALIDATE_PRODUCT = YES;
			};
			name = Release;
		};
		A0E624C120485BAA00B9A25C /* Debug */ = {
			isa = XCBuildConfiguration;
			buildSettings = {
				ASSETCATALOG_COMPILER_APPICON_NAME = AppIcon;
				CODE_SIGN_STYLE = Automatic;
				DEVELOPMENT_TEAM = Y99AD5GLT5;
				INFOPLIST_FILE = pagesView/Info.plist;
				LD_RUNPATH_SEARCH_PATHS = "$(inherited) @executable_path/Frameworks";
				PRODUCT_BUNDLE_IDENTIFIER = iwebsapp.com.pagesView;
				PRODUCT_NAME = "$(TARGET_NAME)";
				SWIFT_VERSION = 4.0;
				TARGETED_DEVICE_FAMILY = "1,2";
			};
			name = Debug;
		};
		A0E624C220485BAA00B9A25C /* Release */ = {
			isa = XCBuildConfiguration;
			buildSettings = {
				ASSETCATALOG_COMPILER_APPICON_NAME = AppIcon;
				CODE_SIGN_STYLE = Automatic;
				DEVELOPMENT_TEAM = Y99AD5GLT5;
				INFOPLIST_FILE = pagesView/Info.plist;
				LD_RUNPATH_SEARCH_PATHS = "$(inherited) @executable_path/Frameworks";
				PRODUCT_BUNDLE_IDENTIFIER = iwebsapp.com.pagesView;
				PRODUCT_NAME = "$(TARGET_NAME)";
				SWIFT_VERSION = 4.0;
				TARGETED_DEVICE_FAMILY = "1,2";
			};
			name = Release;
		};
/* End XCBuildConfiguration section */

/* Begin XCConfigurationList section */
		A0E624A920485BAA00B9A25C /* Build configuration list for PBXProject "pagesView" */ = {
			isa = XCConfigurationList;
			buildConfigurations = (
				A0E624BE20485BAA00B9A25C /* Debug */,
				A0E624BF20485BAA00B9A25C /* Release */,
			);
			defaultConfigurationIsVisible = 0;
			defaultConfigurationName = Release;
		};
		A0E624C020485BAA00B9A25C /* Build configuration list for PBXNativeTarget "pagesView" */ = {
			isa = XCConfigurationList;
			buildConfigurations = (
				A0E624C120485BAA00B9A25C /* Debug */,
				A0E624C220485BAA00B9A25C /* Release */,
			);
			defaultConfigurationIsVisible = 0;
			defaultConfigurationName = Release;
		};
/* End XCConfigurationList section */
	};
	rootObject = A0E624A620485BAA00B9A25C /* Project object */;
}
